
Microsoft Visual Studio Solution File, Format Version 12.00
# Visual Studio Version 17
VisualStudioVersion = 17.1.32210.238
MinimumVisualStudioVersion = 10.0.40219.1
Project("{FAE04EC0-301F-11D3-BF4B-00C04F79EFBC}") = "TforT", "TforT\TforT.csproj", "{968D146D-AE42-4DA5-AF34-84461FF5C4C1}"
EndProject
Project("{FAE04EC0-301F-11D3-BF4B-00C04F79EFBC}") = "TestProject1", "TestProject1\TestProject1.csproj", "{D2C964F8-E769-4F0B-808B-45A0F5BC6254}"
EndProject
Global
	GlobalSection(SolutionConfigurationPlatforms) = preSolution
		Debug|Any CPU = Debug|Any CPU
		Release|Any CPU = Release|Any CPU
	EndGlobalSection
	GlobalSection(ProjectConfigurationPlatforms) = postSolution
		{968D146D-AE42-4DA5-AF34-84461FF5C4C1}.Debug|Any CPU.ActiveCfg = Debug|Any CPU
		{968D146D-AE42-4DA5-AF34-84461FF5C4C1}.Debug|Any CPU.Build.0 = Debug|Any CPU
		{968D146D-AE42-4DA5-AF34-84461FF5C4C1}.Release|Any CPU.ActiveCfg = Release|Any CPU
		{968D146D-AE42-4DA5-AF34-84461FF5C4C1}.Release|Any CPU.Build.0 = Release|Any CPU
		{D2C964F8-E769-4F0B-808B-45A0F5BC6254}.Debug|Any CPU.ActiveCfg = Debug|Any CPU
		{D2C964F8-E769-4F0B-808B-45A0F5BC6254}.Debug|Any CPU.Build.0 = Debug|Any CPU
		{D2C964F8-E769-4F0B-808B-45A0F5BC6254}.Release|Any CPU.ActiveCfg = Release|Any CPU
		{D2C964F8-E769-4F0B-808B-45A0F5BC6254}.Release|Any CPU.Build.0 = Release|Any CPU
	EndGlobalSection
	GlobalSection(SolutionProperties) = preSolution
		HideSolutionNode = FALSE
	EndGlobalSection
	GlobalSection(ExtensibilityGlobals) = postSolution
		SolutionGuid = {5D536F2A-7C45-477D-B232-3DF85CEFFDE3}
	EndGlobalSection
EndGlobal
